{
  "name": "PracticingGitTypeScript",
  "lockfileVersion": 2,
  "requires": true,
  "packages": {
    "": {
      "dependencies": {
        "@types/es6-shim": "^0.31.42"
      }
    },
    "node_modules/@types/es6-shim": {
      "version": "0.31.42",
      "resolved": "https://registry.npmjs.org/@types/es6-shim/-/es6-shim-0.31.42.tgz",
      "integrity": "sha512-GS3EuEgiGv/TP7bwPLOlkSiTfdSL4XHOj0jJuvz4/UbR89QrC4Py3lYlMlH/7w0dKfJ8fIori0rVIl2gQ7lb5A=="
    }
  },
  "dependencies": {
    "@types/es6-shim": {
      "version": "0.31.42",
      "resolved": "https://registry.npmjs.org/@types/es6-shim/-/es6-shim-0.31.42.tgz",
      "integrity": "sha512-GS3EuEgiGv/TP7bwPLOlkSiTfdSL4XHOj0jJuvz4/UbR89QrC4Py3lYlMlH/7w0dKfJ8fIori0rVIl2gQ7lb5A=="
    }
  }
}
